
Microsoft Visual Studio Solution File, Format Version 12.00
# Visual Studio Version 16
VisualStudioVersion = 16.0.31911.196
MinimumVisualStudioVersion = 10.0.40219.1
Project("{FAE04EC0-301F-11D3-BF4B-00C04F79EFBC}") = "idealKiloHesap", "idealKiloHesap\idealKiloHesap.csproj", "{0313EB54-8BFE-488F-913A-7BD7FFB6E173}"
EndProject
Global
	GlobalSection(SolutionConfigurationPlatforms) = preSolution
		Debug|Any CPU = Debug|Any CPU
		Release|Any CPU = Release|Any CPU
	EndGlobalSection
	GlobalSection(ProjectConfigurationPlatforms) = postSolution
		{0313EB54-8BFE-488F-913A-7BD7FFB6E173}.Debug|Any CPU.ActiveCfg = Debug|Any CPU
		{0313EB54-8BFE-488F-913A-7BD7FFB6E173}.Debug|Any CPU.Build.0 = Debug|Any CPU
		{0313EB54-8BFE-488F-913A-7BD7FFB6E173}.Release|Any CPU.ActiveCfg = Release|Any CPU
		{0313EB54-8BFE-488F-913A-7BD7FFB6E173}.Release|Any CPU.Build.0 = Release|Any CPU
	EndGlobalSection
	GlobalSection(SolutionProperties) = preSolution
		HideSolutionNode = FALSE
	EndGlobalSection
	GlobalSection(ExtensibilityGlobals) = postSolution
		SolutionGuid = {3265F9D8-FD9A-4DD5-9D5C-D6FE4E63B62C}
	EndGlobalSection
EndGlobal
